
Microsoft Visual Studio Solution File, Format Version 12.00
# Visual Studio Version 17
VisualStudioVersion = 17.0.31903.59
MinimumVisualStudioVersion = 10.0.40219.1
Project("{9A19103F-16F7-4668-BE54-9A1E7A4F7556}") = "LogoFX.Core", "LogoFX.Core\LogoFX.Core.csproj", "{6490D4C8-1379-4448-96F1-8BAB571C04E8}"
EndProject
Project("{9A19103F-16F7-4668-BE54-9A1E7A4F7556}") = "LogoFX.Core.Tests", "LogoFX.Core.Tests\LogoFX.Core.Tests.csproj", "{54860FA8-4B08-4E5F-ABB2-21C8ACEDB724}"
EndProject
Project("{9A19103F-16F7-4668-BE54-9A1E7A4F7556}") = "LogoFX.Practices.IoC", "LogoFX.Practices.IoC\LogoFX.Practices.IoC.csproj", "{0A182048-F34B-47BA-8B71-6643510AFA0B}"
EndProject
Project("{9A19103F-16F7-4668-BE54-9A1E7A4F7556}") = "LogoFX.Practices.IoC.Modularity", "LogoFX.Practices.IoC.Modularity\LogoFX.Practices.IoC.Modularity.csproj", "{D03E38CF-3610-4AB0-AC6A-E1B4AEA4219B}"
EndProject
Project("{9A19103F-16F7-4668-BE54-9A1E7A4F7556}") = "LogoFX.Practices.IoC.Specs", "LogoFX.Practices.IoC.Specs\LogoFX.Practices.IoC.Specs.csproj", "{D7CF63FE-0AB4-4021-8424-0CE565407063}"
EndProject
Project("{9A19103F-16F7-4668-BE54-9A1E7A4F7556}") = "LogoFX.Client.Core", "LogoFX.Client.Core\LogoFX.Client.Core.csproj", "{A031D7AE-F58E-4B77-AA31-CE4C25F8451F}"
EndProject
Project("{2150E333-8FDC-42A3-9474-1A3956D46DE8}") = "core", "core", "{F555D153-CB40-4452-B5E4-E9731566272E}"
EndProject
Project("{2150E333-8FDC-42A3-9474-1A3956D46DE8}") = "ioc", "ioc", "{E12C7DC8-5598-4730-A14C-E5670D7572B5}"
EndProject
Project("{FAE04EC0-301F-11D3-BF4B-00C04F79EFBC}") = "LogoFX.Client.Core.Platform.Android", "LogoFX.Client.Core.Platform\android\LogoFX.Client.Core.Platform.Android.csproj", "{D904CB92-81F0-4336-825E-84C7A58F3F38}"
EndProject
Project("{FAE04EC0-301F-11D3-BF4B-00C04F79EFBC}") = "LogoFX.Client.Core.Platform.iOS", "LogoFX.Client.Core.Platform\iOS\LogoFX.Client.Core.Platform.iOS.csproj", "{67E8A8BC-989A-4E96-B2D1-D2FE67D50893}"
EndProject
Project("{9A19103F-16F7-4668-BE54-9A1E7A4F7556}") = "LogoFX.Client.Core.Platform.NET", "LogoFX.Client.Core.Platform\net\LogoFX.Client.Core.Platform.NET.csproj", "{72273E62-3C6E-4E51-A8A8-E8E36BC35D59}"
EndProject
Project("{9A19103F-16F7-4668-BE54-9A1E7A4F7556}") = "LogoFX.Client.Core.Platform.NETCore", "LogoFX.Client.Core.Platform\netcore\LogoFX.Client.Core.Platform.NETCore.csproj", "{8B8AF219-8F81-49D1-8273-9572DD2A534D}"
EndProject
Project("{FAE04EC0-301F-11D3-BF4B-00C04F79EFBC}") = "LogoFX.Client.Core.Platform.NETFramework", "LogoFX.Client.Core.Platform\netframework\LogoFX.Client.Core.Platform.NETFramework.csproj", "{27C2028A-1934-447F-953D-A6E2CB2851E1}"
EndProject
Project("{9A19103F-16F7-4668-BE54-9A1E7A4F7556}") = "LogoFX.Client.Core.Platform.NETCore.Specs", "LogoFX.Client.Core.Platform.NETCore.Specs\LogoFX.Client.Core.Platform.NETCore.Specs.csproj", "{D86C137A-5F35-426A-B524-B1B77475079E}"
EndProject
Project("{9A19103F-16F7-4668-BE54-9A1E7A4F7556}") = "LogoFX.Client.Core.Specs", "LogoFX.Client.Core.Specs\LogoFX.Client.Core.Specs.csproj", "{DB30AC69-D8F7-4823-9860-D3640A2FFFDE}"
EndProject
Project("{2150E333-8FDC-42A3-9474-1A3956D46DE8}") = "modularity", "modularity", "{AF1E25E6-1B96-45E1-ABD5-A55169DC3497}"
EndProject
Project("{9A19103F-16F7-4668-BE54-9A1E7A4F7556}") = "LogoFX.Client.Modularity", "LogoFX.Client.Modularity\LogoFX.Client.Modularity.csproj", "{8D007164-EF51-440C-87DA-B8FAB2D6EB12}"
EndProject
Project("{2150E333-8FDC-42A3-9474-1A3956D46DE8}") = "theming", "theming", "{61BF3ACA-38BF-4273-B93A-732FB0D08CED}"
EndProject
Project("{9A19103F-16F7-4668-BE54-9A1E7A4F7556}") = "LogoFX.Client.Theming", "LogoFX.Client.Theming\LogoFX.Client.Theming.csproj", "{FA22033E-6AFA-4492-87B5-42A832081434}"
EndProject
Project("{9A19103F-16F7-4668-BE54-9A1E7A4F7556}") = "LogoFX.Client.Theming.Platform.NET", "LogoFX.Client.Theming.Platform\net\LogoFX.Client.Theming.Platform.NET.csproj", "{0CAE2C6B-7608-426D-A66A-7B642438EA08}"
EndProject
Project("{9A19103F-16F7-4668-BE54-9A1E7A4F7556}") = "LogoFX.Client.Theming.Platform.NETCore", "LogoFX.Client.Theming.Platform\netcore\LogoFX.Client.Theming.Platform.NETCore.csproj", "{C802E723-0E2D-49AC-81CE-D435C8303F48}"
EndProject
Project("{FAE04EC0-301F-11D3-BF4B-00C04F79EFBC}") = "LogoFX.Client.Theming.Platform.WPF", "LogoFX.Client.Theming.Platform\netframework\LogoFX.Client.Theming.Platform.WPF.csproj", "{3720D35C-1548-4B53-A37D-31A5C7D49A20}"
EndProject
Project("{9A19103F-16F7-4668-BE54-9A1E7A4F7556}") = "LogoFX.Client.Core.Specs.Common", "LogoFX.Client.Core.Specs.Common\LogoFX.Client.Core.Specs.Common.csproj", "{728663E9-62A0-4482-8F0A-832699835760}"
EndProject
Project("{9A19103F-16F7-4668-BE54-9A1E7A4F7556}") = "LogoFX.Core.Specs", "LogoFX.Core.Specs\LogoFX.Core.Specs.csproj", "{DF5B56B9-783A-457F-B8E1-EEA9EE033E91}"
EndProject
Project("{9A19103F-16F7-4668-BE54-9A1E7A4F7556}") = "LogoFX.Core.Specs.Common", "LogoFX.Core.Specs.Common\LogoFX.Core.Specs.Common.csproj", "{C2C89A94-96B9-43DA-841C-3F78ED059DDF}"
EndProject
Project("{9A19103F-16F7-4668-BE54-9A1E7A4F7556}") = "LogoFX.Client.Core.Platform.WinUI3", "LogoFX.Client.Core.Platform\winui3\LogoFX.Client.Core.Platform.WinUI3.csproj", "{74DFE24B-28FA-48B8-818D-9671F05EBFE2}"
EndProject
Global
	GlobalSection(SolutionConfigurationPlatforms) = preSolution
		Debug|Any CPU = Debug|Any CPU
		Debug|ARM = Debug|ARM
		Debug|x64 = Debug|x64
		Debug|x86 = Debug|x86
		Release|Any CPU = Release|Any CPU
		Release|ARM = Release|ARM
		Release|x64 = Release|x64
		Release|x86 = Release|x86
	EndGlobalSection
	GlobalSection(ProjectConfigurationPlatforms) = postSolution
		{6490D4C8-1379-4448-96F1-8BAB571C04E8}.Debug|Any CPU.ActiveCfg = Debug|Any CPU
		{6490D4C8-1379-4448-96F1-8BAB571C04E8}.Debug|Any CPU.Build.0 = Debug|Any CPU
		{6490D4C8-1379-4448-96F1-8BAB571C04E8}.Debug|ARM.ActiveCfg = Debug|Any CPU
		{6490D4C8-1379-4448-96F1-8BAB571C04E8}.Debug|ARM.Build.0 = Debug|Any CPU
		{6490D4C8-1379-4448-96F1-8BAB571C04E8}.Debug|x64.ActiveCfg = Debug|Any CPU
		{6490D4C8-1379-4448-96F1-8BAB571C04E8}.Debug|x64.Build.0 = Debug|Any CPU
		{6490D4C8-1379-4448-96F1-8BAB571C04E8}.Debug|x86.ActiveCfg = Debug|Any CPU
		{6490D4C8-1379-4448-96F1-8BAB571C04E8}.Debug|x86.Build.0 = Debug|Any CPU
		{6490D4C8-1379-4448-96F1-8BAB571C04E8}.Release|Any CPU.ActiveCfg = Release|Any CPU
		{6490D4C8-1379-4448-96F1-8BAB571C04E8}.Release|Any CPU.Build.0 = Release|Any CPU
		{6490D4C8-1379-4448-96F1-8BAB571C04E8}.Release|ARM.ActiveCfg = Release|Any CPU
		{6490D4C8-1379-4448-96F1-8BAB571C04E8}.Release|ARM.Build.0 = Release|Any CPU
		{6490D4C8-1379-4448-96F1-8BAB571C04E8}.Release|x64.ActiveCfg = Release|Any CPU
		{6490D4C8-1379-4448-96F1-8BAB571C04E8}.Release|x64.Build.0 = Release|Any CPU
		{6490D4C8-1379-4448-96F1-8BAB571C04E8}.Release|x86.ActiveCfg = Release|Any CPU
		{6490D4C8-1379-4448-96F1-8BAB571C04E8}.Release|x86.Build.0 = Release|Any CPU
		{54860FA8-4B08-4E5F-ABB2-21C8ACEDB724}.Debug|Any CPU.ActiveCfg = Debug|Any CPU
		{54860FA8-4B08-4E5F-ABB2-21C8ACEDB724}.Debug|Any CPU.Build.0 = Debug|Any CPU
		{54860FA8-4B08-4E5F-ABB2-21C8ACEDB724}.Debug|ARM.ActiveCfg = Debug|Any CPU
		{54860FA8-4B08-4E5F-ABB2-21C8ACEDB724}.Debug|ARM.Build.0 = Debug|Any CPU
		{54860FA8-4B08-4E5F-ABB2-21C8ACEDB724}.Debug|x64.ActiveCfg = Debug|Any CPU
		{54860FA8-4B08-4E5F-ABB2-21C8ACEDB724}.Debug|x64.Build.0 = Debug|Any CPU
		{54860FA8-4B08-4E5F-ABB2-21C8ACEDB724}.Debug|x86.ActiveCfg = Debug|Any CPU
		{54860FA8-4B08-4E5F-ABB2-21C8ACEDB724}.Debug|x86.Build.0 = Debug|Any CPU
		{54860FA8-4B08-4E5F-ABB2-21C8ACEDB724}.Release|Any CPU.ActiveCfg = Release|Any CPU
		{54860FA8-4B08-4E5F-ABB2-21C8ACEDB724}.Release|Any CPU.Build.0 = Release|Any CPU
		{54860FA8-4B08-4E5F-ABB2-21C8ACEDB724}.Release|ARM.ActiveCfg = Release|Any CPU
		{54860FA8-4B08-4E5F-ABB2-21C8ACEDB724}.Release|ARM.Build.0 = Release|Any CPU
		{54860FA8-4B08-4E5F-ABB2-21C8ACEDB724}.Release|x64.ActiveCfg = Release|Any CPU
		{54860FA8-4B08-4E5F-ABB2-21C8ACEDB724}.Release|x64.Build.0 = Release|Any CPU
		{54860FA8-4B08-4E5F-ABB2-21C8ACEDB724}.Release|x86.ActiveCfg = Release|Any CPU
		{54860FA8-4B08-4E5F-ABB2-21C8ACEDB724}.Release|x86.Build.0 = Release|Any CPU
		{0A182048-F34B-47BA-8B71-6643510AFA0B}.Debug|Any CPU.ActiveCfg = Debug|Any CPU
		{0A182048-F34B-47BA-8B71-6643510AFA0B}.Debug|Any CPU.Build.0 = Debug|Any CPU
		{0A182048-F34B-47BA-8B71-6643510AFA0B}.Debug|ARM.ActiveCfg = Debug|Any CPU
		{0A182048-F34B-47BA-8B71-6643510AFA0B}.Debug|ARM.Build.0 = Debug|Any CPU
		{0A182048-F34B-47BA-8B71-6643510AFA0B}.Debug|x64.ActiveCfg = Debug|Any CPU
		{0A182048-F34B-47BA-8B71-6643510AFA0B}.Debug|x64.Build.0 = Debug|Any CPU
		{0A182048-F34B-47BA-8B71-6643510AFA0B}.Debug|x86.ActiveCfg = Debug|Any CPU
		{0A182048-F34B-47BA-8B71-6643510AFA0B}.Debug|x86.Build.0 = Debug|Any CPU
		{0A182048-F34B-47BA-8B71-6643510AFA0B}.Release|Any CPU.ActiveCfg = Release|Any CPU
		{0A182048-F34B-47BA-8B71-6643510AFA0B}.Release|Any CPU.Build.0 = Release|Any CPU
		{0A182048-F34B-47BA-8B71-6643510AFA0B}.Release|ARM.ActiveCfg = Release|Any CPU
		{0A182048-F34B-47BA-8B71-6643510AFA0B}.Release|ARM.Build.0 = Release|Any CPU
		{0A182048-F34B-47BA-8B71-6643510AFA0B}.Release|x64.ActiveCfg = Release|Any CPU
		{0A182048-F34B-47BA-8B71-6643510AFA0B}.Release|x64.Build.0 = Release|Any CPU
		{0A182048-F34B-47BA-8B71-6643510AFA0B}.Release|x86.ActiveCfg = Release|Any CPU
		{0A182048-F34B-47BA-8B71-6643510AFA0B}.Release|x86.Build.0 = Release|Any CPU
		{D03E38CF-3610-4AB0-AC6A-E1B4AEA4219B}.Debug|Any CPU.ActiveCfg = Debug|Any CPU
		{D03E38CF-3610-4AB0-AC6A-E1B4AEA4219B}.Debug|Any CPU.Build.0 = Debug|Any CPU
		{D03E38CF-3610-4AB0-AC6A-E1B4AEA4219B}.Debug|ARM.ActiveCfg = Debug|Any CPU
		{D03E38CF-3610-4AB0-AC6A-E1B4AEA4219B}.Debug|ARM.Build.0 = Debug|Any CPU
		{D03E38CF-3610-4AB0-AC6A-E1B4AEA4219B}.Debug|x64.ActiveCfg = Debug|Any CPU
		{D03E38CF-3610-4AB0-AC6A-E1B4AEA4219B}.Debug|x64.Build.0 = Debug|Any CPU
		{D03E38CF-3610-4AB0-AC6A-E1B4AEA4219B}.Debug|x86.ActiveCfg = Debug|Any CPU
		{D03E38CF-3610-4AB0-AC6A-E1B4AEA4219B}.Debug|x86.Build.0 = Debug|Any CPU
		{D03E38CF-3610-4AB0-AC6A-E1B4AEA4219B}.Release|Any CPU.ActiveCfg = Release|Any CPU
		{D03E38CF-3610-4AB0-AC6A-E1B4AEA4219B}.Release|Any CPU.Build.0 = Release|Any CPU
		{D03E38CF-3610-4AB0-AC6A-E1B4AEA4219B}.Release|ARM.ActiveCfg = Release|Any CPU
		{D03E38CF-3610-4AB0-AC6A-E1B4AEA4219B}.Release|ARM.Build.0 = Release|Any CPU
		{D03E38CF-3610-4AB0-AC6A-E1B4AEA4219B}.Release|x64.ActiveCfg = Release|Any CPU
		{D03E38CF-3610-4AB0-AC6A-E1B4AEA4219B}.Release|x64.Build.0 = Release|Any CPU
		{D03E38CF-3610-4AB0-AC6A-E1B4AEA4219B}.Release|x86.ActiveCfg = Release|Any CPU
		{D03E38CF-3610-4AB0-AC6A-E1B4AEA4219B}.Release|x86.Build.0 = Release|Any CPU
		{D7CF63FE-0AB4-4021-8424-0CE565407063}.Debug|Any CPU.ActiveCfg = Debug|Any CPU
		{D7CF63FE-0AB4-4021-8424-0CE565407063}.Debug|Any CPU.Build.0 = Debug|Any CPU
		{D7CF63FE-0AB4-4021-8424-0CE565407063}.Debug|ARM.ActiveCfg = Debug|Any CPU
		{D7CF63FE-0AB4-4021-8424-0CE565407063}.Debug|ARM.Build.0 = Debug|Any CPU
		{D7CF63FE-0AB4-4021-8424-0CE565407063}.Debug|x64.ActiveCfg = Debug|Any CPU
		{D7CF63FE-0AB4-4021-8424-0CE565407063}.Debug|x64.Build.0 = Debug|Any CPU
		{D7CF63FE-0AB4-4021-8424-0CE565407063}.Debug|x86.ActiveCfg = Debug|Any CPU
		{D7CF63FE-0AB4-4021-8424-0CE565407063}.Debug|x86.Build.0 = Debug|Any CPU
		{D7CF63FE-0AB4-4021-8424-0CE565407063}.Release|Any CPU.ActiveCfg = Release|Any CPU
		{D7CF63FE-0AB4-4021-8424-0CE565407063}.Release|Any CPU.Build.0 = Release|Any CPU
		{D7CF63FE-0AB4-4021-8424-0CE565407063}.Release|ARM.ActiveCfg = Release|Any CPU
		{D7CF63FE-0AB4-4021-8424-0CE565407063}.Release|ARM.Build.0 = Release|Any CPU
		{D7CF63FE-0AB4-4021-8424-0CE565407063}.Release|x64.ActiveCfg = Release|Any CPU
		{D7CF63FE-0AB4-4021-8424-0CE565407063}.Release|x64.Build.0 = Release|Any CPU
		{D7CF63FE-0AB4-4021-8424-0CE565407063}.Release|x86.ActiveCfg = Release|Any CPU
		{D7CF63FE-0AB4-4021-8424-0CE565407063}.Release|x86.Build.0 = Release|Any CPU
		{A031D7AE-F58E-4B77-AA31-CE4C25F8451F}.Debug|Any CPU.ActiveCfg = Debug|Any CPU
		{A031D7AE-F58E-4B77-AA31-CE4C25F8451F}.Debug|Any CPU.Build.0 = Debug|Any CPU
		{A031D7AE-F58E-4B77-AA31-CE4C25F8451F}.Debug|ARM.ActiveCfg = Debug|Any CPU
		{A031D7AE-F58E-4B77-AA31-CE4C25F8451F}.Debug|ARM.Build.0 = Debug|Any CPU
		{A031D7AE-F58E-4B77-AA31-CE4C25F8451F}.Debug|x64.ActiveCfg = Debug|Any CPU
		{A031D7AE-F58E-4B77-AA31-CE4C25F8451F}.Debug|x64.Build.0 = Debug|Any CPU
		{A031D7AE-F58E-4B77-AA31-CE4C25F8451F}.Debug|x86.ActiveCfg = Debug|Any CPU
		{A031D7AE-F58E-4B77-AA31-CE4C25F8451F}.Debug|x86.Build.0 = Debug|Any CPU
		{A031D7AE-F58E-4B77-AA31-CE4C25F8451F}.Release|Any CPU.ActiveCfg = Release|Any CPU
		{A031D7AE-F58E-4B77-AA31-CE4C25F8451F}.Release|Any CPU.Build.0 = Release|Any CPU
		{A031D7AE-F58E-4B77-AA31-CE4C25F8451F}.Release|ARM.ActiveCfg = Release|Any CPU
		{A031D7AE-F58E-4B77-AA31-CE4C25F8451F}.Release|ARM.Build.0 = Release|Any CPU
		{A031D7AE-F58E-4B77-AA31-CE4C25F8451F}.Release|x64.ActiveCfg = Release|Any CPU
		{A031D7AE-F58E-4B77-AA31-CE4C25F8451F}.Release|x64.Build.0 = Release|Any CPU
		{A031D7AE-F58E-4B77-AA31-CE4C25F8451F}.Release|x86.ActiveCfg = Release|Any CPU
		{A031D7AE-F58E-4B77-AA31-CE4C25F8451F}.Release|x86.Build.0 = Release|Any CPU
		{D904CB92-81F0-4336-825E-84C7A58F3F38}.Debug|Any CPU.ActiveCfg = Debug|Any CPU
		{D904CB92-81F0-4336-825E-84C7A58F3F38}.Debug|Any CPU.Build.0 = Debug|Any CPU
		{D904CB92-81F0-4336-825E-84C7A58F3F38}.Debug|ARM.ActiveCfg = Debug|Any CPU
		{D904CB92-81F0-4336-825E-84C7A58F3F38}.Debug|ARM.Build.0 = Debug|Any CPU
		{D904CB92-81F0-4336-825E-84C7A58F3F38}.Debug|x64.ActiveCfg = Debug|Any CPU
		{D904CB92-81F0-4336-825E-84C7A58F3F38}.Debug|x64.Build.0 = Debug|Any CPU
		{D904CB92-81F0-4336-825E-84C7A58F3F38}.Debug|x86.ActiveCfg = Debug|Any CPU
		{D904CB92-81F0-4336-825E-84C7A58F3F38}.Debug|x86.Build.0 = Debug|Any CPU
		{D904CB92-81F0-4336-825E-84C7A58F3F38}.Release|Any CPU.ActiveCfg = Release|Any CPU
		{D904CB92-81F0-4336-825E-84C7A58F3F38}.Release|Any CPU.Build.0 = Release|Any CPU
		{D904CB92-81F0-4336-825E-84C7A58F3F38}.Release|ARM.ActiveCfg = Release|Any CPU
		{D904CB92-81F0-4336-825E-84C7A58F3F38}.Release|ARM.Build.0 = Release|Any CPU
		{D904CB92-81F0-4336-825E-84C7A58F3F38}.Release|x64.ActiveCfg = Release|Any CPU
		{D904CB92-81F0-4336-825E-84C7A58F3F38}.Release|x64.Build.0 = Release|Any CPU
		{D904CB92-81F0-4336-825E-84C7A58F3F38}.Release|x86.ActiveCfg = Release|Any CPU
		{D904CB92-81F0-4336-825E-84C7A58F3F38}.Release|x86.Build.0 = Release|Any CPU
		{67E8A8BC-989A-4E96-B2D1-D2FE67D50893}.Debug|Any CPU.ActiveCfg = Debug|Any CPU
		{67E8A8BC-989A-4E96-B2D1-D2FE67D50893}.Debug|Any CPU.Build.0 = Debug|Any CPU
		{67E8A8BC-989A-4E96-B2D1-D2FE67D50893}.Debug|ARM.ActiveCfg = Debug|Any CPU
		{67E8A8BC-989A-4E96-B2D1-D2FE67D50893}.Debug|ARM.Build.0 = Debug|Any CPU
		{67E8A8BC-989A-4E96-B2D1-D2FE67D50893}.Debug|x64.ActiveCfg = Debug|Any CPU
		{67E8A8BC-989A-4E96-B2D1-D2FE67D50893}.Debug|x64.Build.0 = Debug|Any CPU
		{67E8A8BC-989A-4E96-B2D1-D2FE67D50893}.Debug|x86.ActiveCfg = Debug|Any CPU
		{67E8A8BC-989A-4E96-B2D1-D2FE67D50893}.Debug|x86.Build.0 = Debug|Any CPU
		{67E8A8BC-989A-4E96-B2D1-D2FE67D50893}.Release|Any CPU.ActiveCfg = Release|Any CPU
		{67E8A8BC-989A-4E96-B2D1-D2FE67D50893}.Release|Any CPU.Build.0 = Release|Any CPU
		{67E8A8BC-989A-4E96-B2D1-D2FE67D50893}.Release|ARM.ActiveCfg = Release|Any CPU
		{67E8A8BC-989A-4E96-B2D1-D2FE67D50893}.Release|ARM.Build.0 = Release|Any CPU
		{67E8A8BC-989A-4E96-B2D1-D2FE67D50893}.Release|x64.ActiveCfg = Release|Any CPU
		{67E8A8BC-989A-4E96-B2D1-D2FE67D50893}.Release|x64.Build.0 = Release|Any CPU
		{67E8A8BC-989A-4E96-B2D1-D2FE67D50893}.Release|x86.ActiveCfg = Release|Any CPU
		{67E8A8BC-989A-4E96-B2D1-D2FE67D50893}.Release|x86.Build.0 = Release|Any CPU
		{72273E62-3C6E-4E51-A8A8-E8E36BC35D59}.Debug|Any CPU.ActiveCfg = Debug|Any CPU
		{72273E62-3C6E-4E51-A8A8-E8E36BC35D59}.Debug|Any CPU.Build.0 = Debug|Any CPU
		{72273E62-3C6E-4E51-A8A8-E8E36BC35D59}.Debug|ARM.ActiveCfg = Debug|Any CPU
		{72273E62-3C6E-4E51-A8A8-E8E36BC35D59}.Debug|ARM.Build.0 = Debug|Any CPU
		{72273E62-3C6E-4E51-A8A8-E8E36BC35D59}.Debug|x64.ActiveCfg = Debug|Any CPU
		{72273E62-3C6E-4E51-A8A8-E8E36BC35D59}.Debug|x64.Build.0 = Debug|Any CPU
		{72273E62-3C6E-4E51-A8A8-E8E36BC35D59}.Debug|x86.ActiveCfg = Debug|Any CPU
		{72273E62-3C6E-4E51-A8A8-E8E36BC35D59}.Debug|x86.Build.0 = Debug|Any CPU
		{72273E62-3C6E-4E51-A8A8-E8E36BC35D59}.Release|Any CPU.ActiveCfg = Release|Any CPU
		{72273E62-3C6E-4E51-A8A8-E8E36BC35D59}.Release|Any CPU.Build.0 = Release|Any CPU
		{72273E62-3C6E-4E51-A8A8-E8E36BC35D59}.Release|ARM.ActiveCfg = Release|Any CPU
		{72273E62-3C6E-4E51-A8A8-E8E36BC35D59}.Release|ARM.Build.0 = Release|Any CPU
		{72273E62-3C6E-4E51-A8A8-E8E36BC35D59}.Release|x64.ActiveCfg = Release|Any CPU
		{72273E62-3C6E-4E51-A8A8-E8E36BC35D59}.Release|x64.Build.0 = Release|Any CPU
		{72273E62-3C6E-4E51-A8A8-E8E36BC35D59}.Release|x86.ActiveCfg = Release|Any CPU
		{72273E62-3C6E-4E51-A8A8-E8E36BC35D59}.Release|x86.Build.0 = Release|Any CPU
		{8B8AF219-8F81-49D1-8273-9572DD2A534D}.Debug|Any CPU.ActiveCfg = Debug|Any CPU
		{8B8AF219-8F81-49D1-8273-9572DD2A534D}.Debug|Any CPU.Build.0 = Debug|Any CPU
		{8B8AF219-8F81-49D1-8273-9572DD2A534D}.Debug|ARM.ActiveCfg = Debug|Any CPU
		{8B8AF219-8F81-49D1-8273-9572DD2A534D}.Debug|ARM.Build.0 = Debug|Any CPU
		{8B8AF219-8F81-49D1-8273-9572DD2A534D}.Debug|x64.ActiveCfg = Debug|Any CPU
		{8B8AF219-8F81-49D1-8273-9572DD2A534D}.Debug|x64.Build.0 = Debug|Any CPU
		{8B8AF219-8F81-49D1-8273-9572DD2A534D}.Debug|x86.ActiveCfg = Debug|Any CPU
		{8B8AF219-8F81-49D1-8273-9572DD2A534D}.Debug|x86.Build.0 = Debug|Any CPU
		{8B8AF219-8F81-49D1-8273-9572DD2A534D}.Release|Any CPU.ActiveCfg = Release|Any CPU
		{8B8AF219-8F81-49D1-8273-9572DD2A534D}.Release|Any CPU.Build.0 = Release|Any CPU
		{8B8AF219-8F81-49D1-8273-9572DD2A534D}.Release|ARM.ActiveCfg = Release|Any CPU
		{8B8AF219-8F81-49D1-8273-9572DD2A534D}.Release|ARM.Build.0 = Release|Any CPU
		{8B8AF219-8F81-49D1-8273-9572DD2A534D}.Release|x64.ActiveCfg = Release|Any CPU
		{8B8AF219-8F81-49D1-8273-9572DD2A534D}.Release|x64.Build.0 = Release|Any CPU
		{8B8AF219-8F81-49D1-8273-9572DD2A534D}.Release|x86.ActiveCfg = Release|Any CPU
		{8B8AF219-8F81-49D1-8273-9572DD2A534D}.Release|x86.Build.0 = Release|Any CPU
		{27C2028A-1934-447F-953D-A6E2CB2851E1}.Debug|Any CPU.ActiveCfg = Debug|Any CPU
		{27C2028A-1934-447F-953D-A6E2CB2851E1}.Debug|Any CPU.Build.0 = Debug|Any CPU
		{27C2028A-1934-447F-953D-A6E2CB2851E1}.Debug|ARM.ActiveCfg = Debug|Any CPU
		{27C2028A-1934-447F-953D-A6E2CB2851E1}.Debug|ARM.Build.0 = Debug|Any CPU
		{27C2028A-1934-447F-953D-A6E2CB2851E1}.Debug|x64.ActiveCfg = Debug|Any CPU
		{27C2028A-1934-447F-953D-A6E2CB2851E1}.Debug|x64.Build.0 = Debug|Any CPU
		{27C2028A-1934-447F-953D-A6E2CB2851E1}.Debug|x86.ActiveCfg = Debug|Any CPU
		{27C2028A-1934-447F-953D-A6E2CB2851E1}.Debug|x86.Build.0 = Debug|Any CPU
		{27C2028A-1934-447F-953D-A6E2CB2851E1}.Release|Any CPU.ActiveCfg = Release|Any CPU
		{27C2028A-1934-447F-953D-A6E2CB2851E1}.Release|Any CPU.Build.0 = Release|Any CPU
		{27C2028A-1934-447F-953D-A6E2CB2851E1}.Release|ARM.ActiveCfg = Release|Any CPU
		{27C2028A-1934-447F-953D-A6E2CB2851E1}.Release|ARM.Build.0 = Release|Any CPU
		{27C2028A-1934-447F-953D-A6E2CB2851E1}.Release|x64.ActiveCfg = Release|Any CPU
		{27C2028A-1934-447F-953D-A6E2CB2851E1}.Release|x64.Build.0 = Release|Any CPU
		{27C2028A-1934-447F-953D-A6E2CB2851E1}.Release|x86.ActiveCfg = Release|Any CPU
		{27C2028A-1934-447F-953D-A6E2CB2851E1}.Release|x86.Build.0 = Release|Any CPU
		{D86C137A-5F35-426A-B524-B1B77475079E}.Debug|Any CPU.ActiveCfg = Debug|Any CPU
		{D86C137A-5F35-426A-B524-B1B77475079E}.Debug|Any CPU.Build.0 = Debug|Any CPU
		{D86C137A-5F35-426A-B524-B1B77475079E}.Debug|ARM.ActiveCfg = Debug|Any CPU
		{D86C137A-5F35-426A-B524-B1B77475079E}.Debug|ARM.Build.0 = Debug|Any CPU
		{D86C137A-5F35-426A-B524-B1B77475079E}.Debug|x64.ActiveCfg = Debug|Any CPU
		{D86C137A-5F35-426A-B524-B1B77475079E}.Debug|x64.Build.0 = Debug|Any CPU
		{D86C137A-5F35-426A-B524-B1B77475079E}.Debug|x86.ActiveCfg = Debug|Any CPU
		{D86C137A-5F35-426A-B524-B1B77475079E}.Debug|x86.Build.0 = Debug|Any CPU
		{D86C137A-5F35-426A-B524-B1B77475079E}.Release|Any CPU.ActiveCfg = Release|Any CPU
		{D86C137A-5F35-426A-B524-B1B77475079E}.Release|Any CPU.Build.0 = Release|Any CPU
		{D86C137A-5F35-426A-B524-B1B77475079E}.Release|ARM.ActiveCfg = Release|Any CPU
		{D86C137A-5F35-426A-B524-B1B77475079E}.Release|ARM.Build.0 = Release|Any CPU
		{D86C137A-5F35-426A-B524-B1B77475079E}.Release|x64.ActiveCfg = Release|Any CPU
		{D86C137A-5F35-426A-B524-B1B77475079E}.Release|x64.Build.0 = Release|Any CPU
		{D86C137A-5F35-426A-B524-B1B77475079E}.Release|x86.ActiveCfg = Release|Any CPU
		{D86C137A-5F35-426A-B524-B1B77475079E}.Release|x86.Build.0 = Release|Any CPU
		{DB30AC69-D8F7-4823-9860-D3640A2FFFDE}.Debug|Any CPU.ActiveCfg = Debug|Any CPU
		{DB30AC69-D8F7-4823-9860-D3640A2FFFDE}.Debug|Any CPU.Build.0 = Debug|Any CPU
		{DB30AC69-D8F7-4823-9860-D3640A2FFFDE}.Debug|ARM.ActiveCfg = Debug|Any CPU
		{DB30AC69-D8F7-4823-9860-D3640A2FFFDE}.Debug|ARM.Build.0 = Debug|Any CPU
		{DB30AC69-D8F7-4823-9860-D3640A2FFFDE}.Debug|x64.ActiveCfg = Debug|Any CPU
		{DB30AC69-D8F7-4823-9860-D3640A2FFFDE}.Debug|x64.Build.0 = Debug|Any CPU
		{DB30AC69-D8F7-4823-9860-D3640A2FFFDE}.Debug|x86.ActiveCfg = Debug|Any CPU
		{DB30AC69-D8F7-4823-9860-D3640A2FFFDE}.Debug|x86.Build.0 = Debug|Any CPU
		{DB30AC69-D8F7-4823-9860-D3640A2FFFDE}.Release|Any CPU.ActiveCfg = Release|Any CPU
		{DB30AC69-D8F7-4823-9860-D3640A2FFFDE}.Release|Any CPU.Build.0 = Release|Any CPU
		{DB30AC69-D8F7-4823-9860-D3640A2FFFDE}.Release|ARM.ActiveCfg = Release|Any CPU
		{DB30AC69-D8F7-4823-9860-D3640A2FFFDE}.Release|ARM.Build.0 = Release|Any CPU
		{DB30AC69-D8F7-4823-9860-D3640A2FFFDE}.Release|x64.ActiveCfg = Release|Any CPU
		{DB30AC69-D8F7-4823-9860-D3640A2FFFDE}.Release|x64.Build.0 = Release|Any CPU
		{DB30AC69-D8F7-4823-9860-D3640A2FFFDE}.Release|x86.ActiveCfg = Release|Any CPU
		{DB30AC69-D8F7-4823-9860-D3640A2FFFDE}.Release|x86.Build.0 = Release|Any CPU
		{8D007164-EF51-440C-87DA-B8FAB2D6EB12}.Debug|Any CPU.ActiveCfg = Debug|Any CPU
		{8D007164-EF51-440C-87DA-B8FAB2D6EB12}.Debug|Any CPU.Build.0 = Debug|Any CPU
		{8D007164-EF51-440C-87DA-B8FAB2D6EB12}.Debug|ARM.ActiveCfg = Debug|Any CPU
		{8D007164-EF51-440C-87DA-B8FAB2D6EB12}.Debug|ARM.Build.0 = Debug|Any CPU
		{8D007164-EF51-440C-87DA-B8FAB2D6EB12}.Debug|x64.ActiveCfg = Debug|Any CPU
		{8D007164-EF51-440C-87DA-B8FAB2D6EB12}.Debug|x64.Build.0 = Debug|Any CPU
		{8D007164-EF51-440C-87DA-B8FAB2D6EB12}.Debug|x86.ActiveCfg = Debug|Any CPU
		{8D007164-EF51-440C-87DA-B8FAB2D6EB12}.Debug|x86.Build.0 = Debug|Any CPU
		{8D007164-EF51-440C-87DA-B8FAB2D6EB12}.Release|Any CPU.ActiveCfg = Release|Any CPU
		{8D007164-EF51-440C-87DA-B8FAB2D6EB12}.Release|Any CPU.Build.0 = Release|Any CPU
		{8D007164-EF51-440C-87DA-B8FAB2D6EB12}.Release|ARM.ActiveCfg = Release|Any CPU
		{8D007164-EF51-440C-87DA-B8FAB2D6EB12}.Release|ARM.Build.0 = Release|Any CPU
		{8D007164-EF51-440C-87DA-B8FAB2D6EB12}.Release|x64.ActiveCfg = Release|Any CPU
		{8D007164-EF51-440C-87DA-B8FAB2D6EB12}.Release|x64.Build.0 = Release|Any CPU
		{8D007164-EF51-440C-87DA-B8FAB2D6EB12}.Release|x86.ActiveCfg = Release|Any CPU
		{8D007164-EF51-440C-87DA-B8FAB2D6EB12}.Release|x86.Build.0 = Release|Any CPU
		{FA22033E-6AFA-4492-87B5-42A832081434}.Debug|Any CPU.ActiveCfg = Debug|Any CPU
		{FA22033E-6AFA-4492-87B5-42A832081434}.Debug|Any CPU.Build.0 = Debug|Any CPU
		{FA22033E-6AFA-4492-87B5-42A832081434}.Debug|ARM.ActiveCfg = Debug|Any CPU
		{FA22033E-6AFA-4492-87B5-42A832081434}.Debug|ARM.Build.0 = Debug|Any CPU
		{FA22033E-6AFA-4492-87B5-42A832081434}.Debug|x64.ActiveCfg = Debug|Any CPU
		{FA22033E-6AFA-4492-87B5-42A832081434}.Debug|x64.Build.0 = Debug|Any CPU
		{FA22033E-6AFA-4492-87B5-42A832081434}.Debug|x86.ActiveCfg = Debug|Any CPU
		{FA22033E-6AFA-4492-87B5-42A832081434}.Debug|x86.Build.0 = Debug|Any CPU
		{FA22033E-6AFA-4492-87B5-42A832081434}.Release|Any CPU.ActiveCfg = Release|Any CPU
		{FA22033E-6AFA-4492-87B5-42A832081434}.Release|Any CPU.Build.0 = Release|Any CPU
		{FA22033E-6AFA-4492-87B5-42A832081434}.Release|ARM.ActiveCfg = Release|Any CPU
		{FA22033E-6AFA-4492-87B5-42A832081434}.Release|ARM.Build.0 = Release|Any CPU
		{FA22033E-6AFA-4492-87B5-42A832081434}.Release|x64.ActiveCfg = Release|Any CPU
		{FA22033E-6AFA-4492-87B5-42A832081434}.Release|x64.Build.0 = Release|Any CPU
		{FA22033E-6AFA-4492-87B5-42A832081434}.Release|x86.ActiveCfg = Release|Any CPU
		{FA22033E-6AFA-4492-87B5-42A832081434}.Release|x86.Build.0 = Release|Any CPU
		{0CAE2C6B-7608-426D-A66A-7B642438EA08}.Debug|Any CPU.ActiveCfg = Debug|Any CPU
		{0CAE2C6B-7608-426D-A66A-7B642438EA08}.Debug|Any CPU.Build.0 = Debug|Any CPU
		{0CAE2C6B-7608-426D-A66A-7B642438EA08}.Debug|ARM.ActiveCfg = Debug|Any CPU
		{0CAE2C6B-7608-426D-A66A-7B642438EA08}.Debug|ARM.Build.0 = Debug|Any CPU
		{0CAE2C6B-7608-426D-A66A-7B642438EA08}.Debug|x64.ActiveCfg = Debug|Any CPU
		{0CAE2C6B-7608-426D-A66A-7B642438EA08}.Debug|x64.Build.0 = Debug|Any CPU
		{0CAE2C6B-7608-426D-A66A-7B642438EA08}.Debug|x86.ActiveCfg = Debug|Any CPU
		{0CAE2C6B-7608-426D-A66A-7B642438EA08}.Debug|x86.Build.0 = Debug|Any CPU
		{0CAE2C6B-7608-426D-A66A-7B642438EA08}.Release|Any CPU.ActiveCfg = Release|Any CPU
		{0CAE2C6B-7608-426D-A66A-7B642438EA08}.Release|Any CPU.Build.0 = Release|Any CPU
		{0CAE2C6B-7608-426D-A66A-7B642438EA08}.Release|ARM.ActiveCfg = Release|Any CPU
		{0CAE2C6B-7608-426D-A66A-7B642438EA08}.Release|ARM.Build.0 = Release|Any CPU
		{0CAE2C6B-7608-426D-A66A-7B642438EA08}.Release|x64.ActiveCfg = Release|Any CPU
		{0CAE2C6B-7608-426D-A66A-7B642438EA08}.Release|x64.Build.0 = Release|Any CPU
		{0CAE2C6B-7608-426D-A66A-7B642438EA08}.Release|x86.ActiveCfg = Release|Any CPU
		{0CAE2C6B-7608-426D-A66A-7B642438EA08}.Release|x86.Build.0 = Release|Any CPU
		{C802E723-0E2D-49AC-81CE-D435C8303F48}.Debug|Any CPU.ActiveCfg = Debug|Any CPU
		{C802E723-0E2D-49AC-81CE-D435C8303F48}.Debug|Any CPU.Build.0 = Debug|Any CPU
		{C802E723-0E2D-49AC-81CE-D435C8303F48}.Debug|ARM.ActiveCfg = Debug|Any CPU
		{C802E723-0E2D-49AC-81CE-D435C8303F48}.Debug|ARM.Build.0 = Debug|Any CPU
		{C802E723-0E2D-49AC-81CE-D435C8303F48}.Debug|x64.ActiveCfg = Debug|Any CPU
		{C802E723-0E2D-49AC-81CE-D435C8303F48}.Debug|x64.Build.0 = Debug|Any CPU
		{C802E723-0E2D-49AC-81CE-D435C8303F48}.Debug|x86.ActiveCfg = Debug|Any CPU
		{C802E723-0E2D-49AC-81CE-D435C8303F48}.Debug|x86.Build.0 = Debug|Any CPU
		{C802E723-0E2D-49AC-81CE-D435C8303F48}.Release|Any CPU.ActiveCfg = Release|Any CPU
		{C802E723-0E2D-49AC-81CE-D435C8303F48}.Release|Any CPU.Build.0 = Release|Any CPU
		{C802E723-0E2D-49AC-81CE-D435C8303F48}.Release|ARM.ActiveCfg = Release|Any CPU
		{C802E723-0E2D-49AC-81CE-D435C8303F48}.Release|ARM.Build.0 = Release|Any CPU
		{C802E723-0E2D-49AC-81CE-D435C8303F48}.Release|x64.ActiveCfg = Release|Any CPU
		{C802E723-0E2D-49AC-81CE-D435C8303F48}.Release|x64.Build.0 = Release|Any CPU
		{C802E723-0E2D-49AC-81CE-D435C8303F48}.Release|x86.ActiveCfg = Release|Any CPU
		{C802E723-0E2D-49AC-81CE-D435C8303F48}.Release|x86.Build.0 = Release|Any CPU
		{3720D35C-1548-4B53-A37D-31A5C7D49A20}.Debug|Any CPU.ActiveCfg = Debug|Any CPU
		{3720D35C-1548-4B53-A37D-31A5C7D49A20}.Debug|Any CPU.Build.0 = Debug|Any CPU
		{3720D35C-1548-4B53-A37D-31A5C7D49A20}.Debug|ARM.ActiveCfg = Debug|Any CPU
		{3720D35C-1548-4B53-A37D-31A5C7D49A20}.Debug|ARM.Build.0 = Debug|Any CPU
		{3720D35C-1548-4B53-A37D-31A5C7D49A20}.Debug|x64.ActiveCfg = Debug|Any CPU
		{3720D35C-1548-4B53-A37D-31A5C7D49A20}.Debug|x64.Build.0 = Debug|Any CPU
		{3720D35C-1548-4B53-A37D-31A5C7D49A20}.Debug|x86.ActiveCfg = Debug|Any CPU
		{3720D35C-1548-4B53-A37D-31A5C7D49A20}.Debug|x86.Build.0 = Debug|Any CPU
		{3720D35C-1548-4B53-A37D-31A5C7D49A20}.Release|Any CPU.ActiveCfg = Release|Any CPU
		{3720D35C-1548-4B53-A37D-31A5C7D49A20}.Release|Any CPU.Build.0 = Release|Any CPU
		{3720D35C-1548-4B53-A37D-31A5C7D49A20}.Release|ARM.ActiveCfg = Release|Any CPU
		{3720D35C-1548-4B53-A37D-31A5C7D49A20}.Release|ARM.Build.0 = Release|Any CPU
		{3720D35C-1548-4B53-A37D-31A5C7D49A20}.Release|x64.ActiveCfg = Release|Any CPU
		{3720D35C-1548-4B53-A37D-31A5C7D49A20}.Release|x64.Build.0 = Release|Any CPU
		{3720D35C-1548-4B53-A37D-31A5C7D49A20}.Release|x86.ActiveCfg = Release|Any CPU
		{3720D35C-1548-4B53-A37D-31A5C7D49A20}.Release|x86.Build.0 = Release|Any CPU
		{728663E9-62A0-4482-8F0A-832699835760}.Debug|Any CPU.ActiveCfg = Debug|Any CPU
		{728663E9-62A0-4482-8F0A-832699835760}.Debug|Any CPU.Build.0 = Debug|Any CPU
		{728663E9-62A0-4482-8F0A-832699835760}.Debug|ARM.ActiveCfg = Debug|Any CPU
		{728663E9-62A0-4482-8F0A-832699835760}.Debug|ARM.Build.0 = Debug|Any CPU
		{728663E9-62A0-4482-8F0A-832699835760}.Debug|x64.ActiveCfg = Debug|Any CPU
		{728663E9-62A0-4482-8F0A-832699835760}.Debug|x64.Build.0 = Debug|Any CPU
		{728663E9-62A0-4482-8F0A-832699835760}.Debug|x86.ActiveCfg = Debug|Any CPU
		{728663E9-62A0-4482-8F0A-832699835760}.Debug|x86.Build.0 = Debug|Any CPU
		{728663E9-62A0-4482-8F0A-832699835760}.Release|Any CPU.ActiveCfg = Release|Any CPU
		{728663E9-62A0-4482-8F0A-832699835760}.Release|Any CPU.Build.0 = Release|Any CPU
		{728663E9-62A0-4482-8F0A-832699835760}.Release|ARM.ActiveCfg = Release|Any CPU
		{728663E9-62A0-4482-8F0A-832699835760}.Release|ARM.Build.0 = Release|Any CPU
		{728663E9-62A0-4482-8F0A-832699835760}.Release|x64.ActiveCfg = Release|Any CPU
		{728663E9-62A0-4482-8F0A-832699835760}.Release|x64.Build.0 = Release|Any CPU
		{728663E9-62A0-4482-8F0A-832699835760}.Release|x86.ActiveCfg = Release|Any CPU
		{728663E9-62A0-4482-8F0A-832699835760}.Release|x86.Build.0 = Release|Any CPU
		{DF5B56B9-783A-457F-B8E1-EEA9EE033E91}.Debug|Any CPU.ActiveCfg = Debug|Any CPU
		{DF5B56B9-783A-457F-B8E1-EEA9EE033E91}.Debug|Any CPU.Build.0 = Debug|Any CPU
		{DF5B56B9-783A-457F-B8E1-EEA9EE033E91}.Debug|ARM.ActiveCfg = Debug|Any CPU
		{DF5B56B9-783A-457F-B8E1-EEA9EE033E91}.Debug|ARM.Build.0 = Debug|Any CPU
		{DF5B56B9-783A-457F-B8E1-EEA9EE033E91}.Debug|x64.ActiveCfg = Debug|Any CPU
		{DF5B56B9-783A-457F-B8E1-EEA9EE033E91}.Debug|x64.Build.0 = Debug|Any CPU
		{DF5B56B9-783A-457F-B8E1-EEA9EE033E91}.Debug|x86.ActiveCfg = Debug|Any CPU
		{DF5B56B9-783A-457F-B8E1-EEA9EE033E91}.Debug|x86.Build.0 = Debug|Any CPU
		{DF5B56B9-783A-457F-B8E1-EEA9EE033E91}.Release|Any CPU.ActiveCfg = Release|Any CPU
		{DF5B56B9-783A-457F-B8E1-EEA9EE033E91}.Release|Any CPU.Build.0 = Release|Any CPU
		{DF5B56B9-783A-457F-B8E1-EEA9EE033E91}.Release|ARM.ActiveCfg = Release|Any CPU
		{DF5B56B9-783A-457F-B8E1-EEA9EE033E91}.Release|ARM.Build.0 = Release|Any CPU
		{DF5B56B9-783A-457F-B8E1-EEA9EE033E91}.Release|x64.ActiveCfg = Release|Any CPU
		{DF5B56B9-783A-457F-B8E1-EEA9EE033E91}.Release|x64.Build.0 = Release|Any CPU
		{DF5B56B9-783A-457F-B8E1-EEA9EE033E91}.Release|x86.ActiveCfg = Release|Any CPU
		{DF5B56B9-783A-457F-B8E1-EEA9EE033E91}.Release|x86.Build.0 = Release|Any CPU
		{C2C89A94-96B9-43DA-841C-3F78ED059DDF}.Debug|Any CPU.ActiveCfg = Debug|Any CPU
		{C2C89A94-96B9-43DA-841C-3F78ED059DDF}.Debug|Any CPU.Build.0 = Debug|Any CPU
		{C2C89A94-96B9-43DA-841C-3F78ED059DDF}.Debug|ARM.ActiveCfg = Debug|Any CPU
		{C2C89A94-96B9-43DA-841C-3F78ED059DDF}.Debug|ARM.Build.0 = Debug|Any CPU
		{C2C89A94-96B9-43DA-841C-3F78ED059DDF}.Debug|x64.ActiveCfg = Debug|Any CPU
		{C2C89A94-96B9-43DA-841C-3F78ED059DDF}.Debug|x64.Build.0 = Debug|Any CPU
		{C2C89A94-96B9-43DA-841C-3F78ED059DDF}.Debug|x86.ActiveCfg = Debug|Any CPU
		{C2C89A94-96B9-43DA-841C-3F78ED059DDF}.Debug|x86.Build.0 = Debug|Any CPU
		{C2C89A94-96B9-43DA-841C-3F78ED059DDF}.Release|Any CPU.ActiveCfg = Release|Any CPU
		{C2C89A94-96B9-43DA-841C-3F78ED059DDF}.Release|Any CPU.Build.0 = Release|Any CPU
		{C2C89A94-96B9-43DA-841C-3F78ED059DDF}.Release|ARM.ActiveCfg = Release|Any CPU
		{C2C89A94-96B9-43DA-841C-3F78ED059DDF}.Release|ARM.Build.0 = Release|Any CPU
		{C2C89A94-96B9-43DA-841C-3F78ED059DDF}.Release|x64.ActiveCfg = Release|Any CPU
		{C2C89A94-96B9-43DA-841C-3F78ED059DDF}.Release|x64.Build.0 = Release|Any CPU
		{C2C89A94-96B9-43DA-841C-3F78ED059DDF}.Release|x86.ActiveCfg = Release|Any CPU
		{C2C89A94-96B9-43DA-841C-3F78ED059DDF}.Release|x86.Build.0 = Release|Any CPU
		{74DFE24B-28FA-48B8-818D-9671F05EBFE2}.Debug|Any CPU.ActiveCfg = Debug|Any CPU
		{74DFE24B-28FA-48B8-818D-9671F05EBFE2}.Debug|Any CPU.Build.0 = Debug|Any CPU
		{74DFE24B-28FA-48B8-818D-9671F05EBFE2}.Debug|ARM.ActiveCfg = Debug|Any CPU
		{74DFE24B-28FA-48B8-818D-9671F05EBFE2}.Debug|ARM.Build.0 = Debug|Any CPU
		{74DFE24B-28FA-48B8-818D-9671F05EBFE2}.Debug|x64.ActiveCfg = Debug|Any CPU
		{74DFE24B-28FA-48B8-818D-9671F05EBFE2}.Debug|x64.Build.0 = Debug|Any CPU
		{74DFE24B-28FA-48B8-818D-9671F05EBFE2}.Debug|x86.ActiveCfg = Debug|Any CPU
		{74DFE24B-28FA-48B8-818D-9671F05EBFE2}.Debug|x86.Build.0 = Debug|Any CPU
		{74DFE24B-28FA-48B8-818D-9671F05EBFE2}.Release|Any CPU.ActiveCfg = Release|Any CPU
		{74DFE24B-28FA-48B8-818D-9671F05EBFE2}.Release|Any CPU.Build.0 = Release|Any CPU
		{74DFE24B-28FA-48B8-818D-9671F05EBFE2}.Release|ARM.ActiveCfg = Release|Any CPU
		{74DFE24B-28FA-48B8-818D-9671F05EBFE2}.Release|ARM.Build.0 = Release|Any CPU
		{74DFE24B-28FA-48B8-818D-9671F05EBFE2}.Release|x64.ActiveCfg = Release|Any CPU
		{74DFE24B-28FA-48B8-818D-9671F05EBFE2}.Release|x64.Build.0 = Release|Any CPU
		{74DFE24B-28FA-48B8-818D-9671F05EBFE2}.Release|x86.ActiveCfg = Release|Any CPU
		{74DFE24B-28FA-48B8-818D-9671F05EBFE2}.Release|x86.Build.0 = Release|Any CPU
	EndGlobalSection
	GlobalSection(SolutionProperties) = preSolution
		HideSolutionNode = FALSE
	EndGlobalSection
	GlobalSection(NestedProjects) = preSolution
		{6490D4C8-1379-4448-96F1-8BAB571C04E8} = {F555D153-CB40-4452-B5E4-E9731566272E}
		{54860FA8-4B08-4E5F-ABB2-21C8ACEDB724} = {F555D153-CB40-4452-B5E4-E9731566272E}
		{0A182048-F34B-47BA-8B71-6643510AFA0B} = {E12C7DC8-5598-4730-A14C-E5670D7572B5}
		{D03E38CF-3610-4AB0-AC6A-E1B4AEA4219B} = {E12C7DC8-5598-4730-A14C-E5670D7572B5}
		{D7CF63FE-0AB4-4021-8424-0CE565407063} = {E12C7DC8-5598-4730-A14C-E5670D7572B5}
		{A031D7AE-F58E-4B77-AA31-CE4C25F8451F} = {F555D153-CB40-4452-B5E4-E9731566272E}
		{D904CB92-81F0-4336-825E-84C7A58F3F38} = {F555D153-CB40-4452-B5E4-E9731566272E}
		{67E8A8BC-989A-4E96-B2D1-D2FE67D50893} = {F555D153-CB40-4452-B5E4-E9731566272E}
		{72273E62-3C6E-4E51-A8A8-E8E36BC35D59} = {F555D153-CB40-4452-B5E4-E9731566272E}
		{8B8AF219-8F81-49D1-8273-9572DD2A534D} = {F555D153-CB40-4452-B5E4-E9731566272E}
		{27C2028A-1934-447F-953D-A6E2CB2851E1} = {F555D153-CB40-4452-B5E4-E9731566272E}
		{D86C137A-5F35-426A-B524-B1B77475079E} = {F555D153-CB40-4452-B5E4-E9731566272E}
		{DB30AC69-D8F7-4823-9860-D3640A2FFFDE} = {F555D153-CB40-4452-B5E4-E9731566272E}
		{8D007164-EF51-440C-87DA-B8FAB2D6EB12} = {AF1E25E6-1B96-45E1-ABD5-A55169DC3497}
		{FA22033E-6AFA-4492-87B5-42A832081434} = {61BF3ACA-38BF-4273-B93A-732FB0D08CED}
		{0CAE2C6B-7608-426D-A66A-7B642438EA08} = {61BF3ACA-38BF-4273-B93A-732FB0D08CED}
		{C802E723-0E2D-49AC-81CE-D435C8303F48} = {61BF3ACA-38BF-4273-B93A-732FB0D08CED}
		{3720D35C-1548-4B53-A37D-31A5C7D49A20} = {61BF3ACA-38BF-4273-B93A-732FB0D08CED}
		{728663E9-62A0-4482-8F0A-832699835760} = {F555D153-CB40-4452-B5E4-E9731566272E}
		{DF5B56B9-783A-457F-B8E1-EEA9EE033E91} = {F555D153-CB40-4452-B5E4-E9731566272E}
		{C2C89A94-96B9-43DA-841C-3F78ED059DDF} = {F555D153-CB40-4452-B5E4-E9731566272E}
		{74DFE24B-28FA-48B8-818D-9671F05EBFE2} = {F555D153-CB40-4452-B5E4-E9731566272E}
	EndGlobalSection
	GlobalSection(ExtensibilityGlobals) = postSolution
		SolutionGuid = {AC15861E-3935-4FBC-AA56-C0C4CFF71FC3}
	EndGlobalSection
EndGlobal
